// !$*UTF8*$!
{
	archiveVersion = 1;
	classes = {
	};
	objectVersion = 50;
	objects = {

/* Begin PBXBuildFile section */
		0ED8BAE322C2C20C000662BB /* AppDelegate.m in Sources */ = {isa = PBXBuildFile; fileRef = 0ED8BAE222C2C20C000662BB /* AppDelegate.m */; };
		0ED8BAE622C2C20C000662BB /* ViewController.m in Sources */ = {isa = PBXBuildFile; fileRef = 0ED8BAE522C2C20C000662BB /* ViewController.m */; };
		0ED8BAE922C2C20C000662BB /* Main.storyboard in Resources */ = {isa = PBXBuildFile; fileRef = 0ED8BAE722C2C20C000662BB /* Main.storyboard */; };
		0ED8BAEB22C2C20D000662BB /* Assets.xcassets in Resources */ = {isa = PBXBuildFile; fileRef = 0ED8BAEA22C2C20D000662BB /* Assets.xcassets */; };
		0ED8BAEE22C2C20D000662BB /* LaunchScreen.storyboard in Resources */ = {isa = PBXBuildFile; fileRef = 0ED8BAEC22C2C20D000662BB /* LaunchScreen.storyboard */; };
		0ED8BAF122C2C20D000662BB /* main.m in Sources */ = {isa = PBXBuildFile; fileRef = 0ED8BAF022C2C20D000662BB /* main.m */; };
		0ED8BAFB22C2C20D000662BB /* TippyTests.m in Sources */ = {isa = PBXBuildFile; fileRef = 0ED8BAFA22C2C20D000662BB /* TippyTests.m */; };
		0ED8BB0622C2C20D000662BB /* TippyUITests.m in Sources */ = {isa = PBXBuildFile; fileRef = 0ED8BB0522C2C20D000662BB /* TippyUITests.m */; };
/* End PBXBuildFile section */

/* Begin PBXContainerItemProxy section */
		0ED8BAF722C2C20D000662BB /* PBXContainerItemProxy */ = {
			isa = PBXContainerItemProxy;
			containerPortal = 0ED8BAD622C2C20C000662BB /* Project object */;
			proxyType = 1;
			remoteGlobalIDString = 0ED8BADD22C2C20C000662BB;
			remoteInfo = Tippy;
		};
		0ED8BB0222C2C20D000662BB /* PBXContainerItemProxy */ = {
			isa = PBXContainerItemProxy;
			containerPortal = 0ED8BAD622C2C20C000662BB /* Project object */;
			proxyType = 1;
			remoteGlobalIDString = 0ED8BADD22C2C20C000662BB;
			remoteInfo = Tippy;
		};
/* End PBXContainerItemProxy section */

/* Begin PBXFileReference section */
		0ED8BADE22C2C20C000662BB /* Tippy.app */ = {isa = PBXFileReference; explicitFileType = wrapper.application; includeInIndex = 0; path = Tippy.app; sourceTree = BUILT_PRODUCTS_DIR; };
		0ED8BAE122C2C20C000662BB /* AppDelegate.h */ = {isa = PBXFileReference; lastKnownFileType = sourcecode.c.h; path = AppDelegate.h; sourceTree = "<group>"; };
		0ED8BAE222C2C20C000662BB /* AppDelegate.m */ = {isa = PBXFileReference; lastKnownFileType = sourcecode.c.objc; path = AppDelegate.m; sourceTree = "<group>"; };
		0ED8BAE422C2C20C000662BB /* ViewController.h */ = {isa = PBXFileReference; lastKnownFileType = sourcecode.c.h; path = ViewController.h; sourceTree = "<group>"; };
		0ED8BAE522C2C20C000662BB /* ViewController.m */ = {isa = PBXFileReference; lastKnownFileType = sourcecode.c.objc; path = ViewController.m; sourceTree = "<group>"; };
		0ED8BAE822C2C20C000662BB /* Base */ = {isa = PBXFileReference; lastKnownFileType = file.storyboard; name = Base; path = Base.lproj/Main.storyboard; sourceTree = "<group>"; };
		0ED8BAEA22C2C20D000662BB /* Assets.xcassets */ = {isa = PBXFileReference; lastKnownFileType = folder.assetcatalog; path = Assets.xcassets; sourceTree = "<group>"; };
		0ED8BAED22C2C20D000662BB /* Base */ = {isa = PBXFileReference; lastKnownFileType = file.storyboard; name = Base; path = Base.lproj/LaunchScreen.storyboard; sourceTree = "<group>"; };
		0ED8BAEF22C2C20D000662BB /* Info.plist */ = {isa = PBXFileReference; lastKnownFileType = text.plist.xml; path = Info.plist; sourceTree = "<group>"; };
		0ED8BAF022C2C20D000662BB /* main.m */ = {isa = PBXFileReference; lastKnownFileType = sourcecode.c.objc; path = main.m; sourceTree = "<group>"; };
		0ED8BAF622C2C20D000662BB /* TippyTests.xctest */ = {isa = PBXFileReference; explicitFileType = wrapper.cfbundle; includeInIndex = 0; path = TippyTests.xctest; sourceTree = BUILT_PRODUCTS_DIR; };
		0ED8BAFA22C2C20D000662BB /* TippyTests.m */ = {isa = PBXFileReference; lastKnownFileType = sourcecode.c.objc; path = TippyTests.m; sourceTree = "<group>"; };
		0ED8BAFC22C2C20D000662BB /* Info.plist */ = {isa = PBXFileReference; lastKnownFileType = text.plist.xml; path = Info.plist; sourceTree = "<group>"; };
		0ED8BB0122C2C20D000662BB /* TippyUITests.xctest */ = {isa = PBXFileReference; explicitFileType = wrapper.cfbundle; includeInIndex = 0; path = TippyUITests.xctest; sourceTree = BUILT_PRODUCTS_DIR; };
		0ED8BB0522C2C20D000662BB /* TippyUITests.m */ = {isa = PBXFileReference; lastKnownFileType = sourcecode.c.objc; path = TippyUITests.m; sourceTree = "<group>"; };
		0ED8BB0722C2C20D000662BB /* Info.plist */ = {isa = PBXFileReference; lastKnownFileType = text.plist.xml; path = Info.plist; sourceTree = "<group>"; };
/* End PBXFileReference section */

/* Begin PBXFrameworksBuildPhase section */
		0ED8BADB22C2C20C000662BB /* Frameworks */ = {
			isa = PBXFrameworksBuildPhase;
			buildActionMask = 2147483647;
			files = (
			);
			runOnlyForDeploymentPostprocessing = 0;
		};
		0ED8BAF322C2C20D000662BB /* Frameworks */ = {
			isa = PBXFrameworksBuildPhase;
			buildActionMask = 2147483647;
			files = (
			);
			runOnlyForDeploymentPostprocessing = 0;
		};
		0ED8BAFE22C2C20D000662BB /* Frameworks */ = {
			isa = PBXFrameworksBuildPhase;
			buildActionMask = 2147483647;
			files = (
			);
			runOnlyForDeploymentPostprocessing = 0;
		};
/* End PBXFrameworksBuildPhase section */

/* Begin PBXGroup section */
		0ED8BAD522C2C20C000662BB = {
			isa = PBXGroup;
			children = (
				0ED8BAE022C2C20C000662BB /* Tippy */,
				0ED8BAF922C2C20D000662BB /* TippyTests */,
				0ED8BB0422C2C20D000662BB /* TippyUITests */,
				0ED8BADF22C2C20C000662BB /* Products */,
			);
			sourceTree = "<group>";
		};
		0ED8BADF22C2C20C000662BB /* Products */ = {
			isa = PBXGroup;
			children = (
				0ED8BADE22C2C20C000662BB /* Tippy.app */,
				0ED8BAF622C2C20D000662BB /* TippyTests.xctest */,
				0ED8BB0122C2C20D000662BB /* TippyUITests.xctest */,
			);
			name = Products;
			sourceTree = "<group>";
		};
		0ED8BAE022C2C20C000662BB /* Tippy */ = {
			isa = PBXGroup;
			children = (
				0ED8BAE122C2C20C000662BB /* AppDelegate.h */,
				0ED8BAE222C2C20C000662BB /* AppDelegate.m */,
				0ED8BAE422C2C20C000662BB /* ViewController.h */,
				0ED8BAE522C2C20C000662BB /* ViewController.m */,
				0ED8BAE722C2C20C000662BB /* Main.storyboard */,
				0ED8BAEA22C2C20D000662BB /* Assets.xcassets */,
				0ED8BAEC22C2C20D000662BB /* LaunchScreen.storyboard */,
				0ED8BAEF22C2C20D000662BB /* Info.plist */,
				0ED8BAF022C2C20D000662BB /* main.m */,
			);
			path = Tippy;
			sourceTree = "<group>";
		};
		0ED8BAF922C2C20D000662BB /* TippyTests */ = {
			isa = PBXGroup;
			children = (
				0ED8BAFA22C2C20D000662BB /* TippyTests.m */,
				0ED8BAFC22C2C20D000662BB /* Info.plist */,
			);
			path = TippyTests;
			sourceTree = "<group>";
		};
		0ED8BB0422C2C20D000662BB /* TippyUITests */ = {
			isa = PBXGroup;
			children = (
				0ED8BB0522C2C20D000662BB /* TippyUITests.m */,
				0ED8BB0722C2C20D000662BB /* Info.plist */,
			);
			path = TippyUITests;
			sourceTree = "<group>";
		};
/* End PBXGroup section */

/* Begin PBXNativeTarget section */
		0ED8BADD22C2C20C000662BB /* Tippy */ = {
			isa = PBXNativeTarget;
			buildConfigurationList = 0ED8BB0A22C2C20D000662BB /* Build configuration list for PBXNativeTarget "Tippy" */;
			buildPhases = (
				0ED8BADA22C2C20C000662BB /* Sources */,
				0ED8BADB22C2C20C000662BB /* Frameworks */,
				0ED8BADC22C2C20C000662BB /* Resources */,
			);
			buildRules = (
			);
			dependencies = (
			);
			name = Tippy;
			productName = Tippy;
			productReference = 0ED8BADE22C2C20C000662BB /* Tippy.app */;
			productType = "com.apple.product-type.application";
		};
		0ED8BAF522C2C20D000662BB /* TippyTests */ = {
			isa = PBXNativeTarget;
			buildConfigurationList = 0ED8BB0D22C2C20D000662BB /* Build configuration list for PBXNativeTarget "TippyTests" */;
			buildPhases = (
				0ED8BAF222C2C20D000662BB /* Sources */,
				0ED8BAF322C2C20D000662BB /* Frameworks */,
				0ED8BAF422C2C20D000662BB /* Resources */,
			);
			buildRules = (
			);
			dependencies = (
				0ED8BAF822C2C20D000662BB /* PBXTargetDependency */,
			);
			name = TippyTests;
			productName = TippyTests;
			productReference = 0ED8BAF622C2C20D000662BB /* TippyTests.xctest */;
			productType = "com.apple.product-type.bundle.unit-test";
		};
		0ED8BB0022C2C20D000662BB /* TippyUITests */ = {
			isa = PBXNativeTarget;
			buildConfigurationList = 0ED8BB1022C2C20D000662BB /* Build configuration list for PBXNativeTarget "TippyUITests" */;
			buildPhases = (
				0ED8BAFD22C2C20D000662BB /* Sources */,
				0ED8BAFE22C2C20D000662BB /* Frameworks */,
				0ED8BAFF22C2C20D000662BB /* Resources */,
			);
			buildRules = (
			);
			dependencies = (
				0ED8BB0322C2C20D000662BB /* PBXTargetDependency */,
			);
			name = TippyUITests;
			productName = TippyUITests;
			productReference = 0ED8BB0122C2C20D000662BB /* TippyUITests.xctest */;
			productType = "com.apple.product-type.bundle.ui-testing";
		};
/* End PBXNativeTarget section */

/* Begin PBXProject section */
		0ED8BAD622C2C20C000662BB /* Project object */ = {
			isa = PBXProject;
			attributes = {
				LastUpgradeCheck = 1020;
				ORGANIZATIONNAME = codepath;
				TargetAttributes = {
					0ED8BADD22C2C20C000662BB = {
						CreatedOnToolsVersion = 10.2.1;
					};
					0ED8BAF522C2C20D000662BB = {
						CreatedOnToolsVersion = 10.2.1;
						TestTargetID = 0ED8BADD22C2C20C000662BB;
					};
					0ED8BB0022C2C20D000662BB = {
						CreatedOnToolsVersion = 10.2.1;
						TestTargetID = 0ED8BADD22C2C20C000662BB;
					};
				};
			};
			buildConfigurationList = 0ED8BAD922C2C20C000662BB /* Build configuration list for PBXProject "Tippy" */;
			compatibilityVersion = "Xcode 9.3";
			developmentRegion = en;
			hasScannedForEncodings = 0;
			knownRegions = (
				en,
				Base,
			);
			mainGroup = 0ED8BAD522C2C20C000662BB;
			productRefGroup = 0ED8BADF22C2C20C000662BB /* Products */;
			projectDirPath = "";
			projectRoot = "";
			targets = (
				0ED8BADD22C2C20C000662BB /* Tippy */,
				0ED8BAF522C2C20D000662BB /* TippyTests */,
				0ED8BB0022C2C20D000662BB /* TippyUITests */,
			);
		};
/* End PBXProject section */

/* Begin PBXResourcesBuildPhase section */
		0ED8BADC22C2C20C000662BB /* Resources */ = {
			isa = PBXResourcesBuildPhase;
			buildActionMask = 2147483647;
			files = (
				0ED8BAEE22C2C20D000662BB /* LaunchScreen.storyboard in Resources */,
				0ED8BAEB22C2C20D000662BB /* Assets.xcassets in Resources */,
				0ED8BAE922C2C20C000662BB /* Main.storyboard in Resources */,
			);
			runOnlyForDeploymentPostprocessing = 0;
		};
		0ED8BAF422C2C20D000662BB /* Resources */ = {
			isa = PBXResourcesBuildPhase;
			buildActionMask = 2147483647;
			files = (
			);
			runOnlyForDeploymentPostprocessing = 0;
		};
		0ED8BAFF22C2C20D000662BB /* Resources */ = {
			isa = PBXResourcesBuildPhase;
			buildActionMask = 2147483647;
			files = (
			);
			runOnlyForDeploymentPostprocessing = 0;
		};
/* End PBXResourcesBuildPhase section */

/* Begin PBXSourcesBuildPhase section */
		0ED8BADA22C2C20C000662BB /* Sources */ = {
			isa = PBXSourcesBuildPhase;
			buildActionMask = 2147483647;
			files = (
				0ED8BAE622C2C20C000662BB /* ViewController.m in Sources */,
				0ED8BAF122C2C20D000662BB /* main.m in Sources */,
				0ED8BAE322C2C20C000662BB /* AppDelegate.m in Sources */,
			);
			runOnlyForDeploymentPostprocessing = 0;
		};
		0ED8BAF222C2C20D000662BB /* Sources */ = {
			isa = PBXSourcesBuildPhase;
			buildActionMask = 2147483647;
			files = (
				0ED8BAFB22C2C20D000662BB /* TippyTests.m in Sources */,
			);
			runOnlyForDeploymentPostprocessing = 0;
		};
		0ED8BAFD22C2C20D000662BB /* Sources */ = {
			isa = PBXSourcesBuildPhase;
			buildActionMask = 2147483647;
			files = (
				0ED8BB0622C2C20D000662BB /* TippyUITests.m in Sources */,
			);
			runOnlyForDeploymentPostprocessing = 0;
		};
/* End PBXSourcesBuildPhase section */

/* Begin PBXTargetDependency section */
		0ED8BAF822C2C20D000662BB /* PBXTargetDependency */ = {
			isa = PBXTargetDependency;
			target = 0ED8BADD22C2C20C000662BB /* Tippy */;
			targetProxy = 0ED8BAF722C2C20D000662BB /* PBXContainerItemProxy */;
		};
		0ED8BB0322C2C20D000662BB /* PBXTargetDependency */ = {
			isa = PBXTargetDependency;
			target = 0ED8BADD22C2C20C000662BB /* Tippy */;
			targetProxy = 0ED8BB0222C2C20D000662BB /* PBXContainerItemProxy */;
		};
/* End PBXTargetDependency section */

/* Begin PBXVariantGroup section */
		0ED8BAE722C2C20C000662BB /* Main.storyboard */ = {
			isa = PBXVariantGroup;
			children = (
				0ED8BAE822C2C20C000662BB /* Base */,
			);
			name = Main.storyboard;
			sourceTree = "<group>";
		};
		0ED8BAEC22C2C20D000662BB /* LaunchScreen.storyboard */ = {
			isa = PBXVariantGroup;
			children = (
				0ED8BAED22C2C20D000662BB /* Base */,
			);
			name = LaunchScreen.storyboard;
			sourceTree = "<group>";
		};
/* End PBXVariantGroup section */

/* Begin XCBuildConfiguration section */
		0ED8BB0822C2C20D000662BB /* Debug */ = {
			isa = XCBuildConfiguration;
			buildSettings = {
				ALWAYS_SEARCH_USER_PATHS = NO;
				CLANG_ANALYZER_NONNULL = YES;
				CLANG_ANALYZER_NUMBER_OBJECT_CONVERSION = YES_AGGRESSIVE;
				CLANG_CXX_LANGUAGE_STANDARD = "gnu++14";
				CLANG_CXX_LIBRARY = "libc++";
				CLANG_ENABLE_MODULES = YES;
				CLANG_ENABLE_OBJC_ARC = YES;
				CLANG_ENABLE_OBJC_WEAK = YES;
				CLANG_WARN_BLOCK_CAPTURE_AUTORELEASING = YES;
				CLANG_WARN_BOOL_CONVERSION = YES;
				CLANG_WARN_COMMA = YES;
				CLANG_WARN_CONSTANT_CONVERSION = YES;
				CLANG_WARN_DEPRECATED_OBJC_IMPLEMENTATIONS = YES;
				CLANG_WARN_DIRECT_OBJC_ISA_USAGE = YES_ERROR;
				CLANG_WARN_DOCUMENTATION_COMMENTS = YES;
				CLANG_WARN_EMPTY_BODY = YES;
				CLANG_WARN_ENUM_CONVERSION = YES;
				CLANG_WARN_INFINITE_RECURSION = YES;
				CLANG_WARN_INT_CONVERSION = YES;
				CLANG_WARN_NON_LITERAL_NULL_CONVERSION = YES;
				CLANG_WARN_OBJC_IMPLICIT_RETAIN_SELF = YES;
				CLANG_WARN_OBJC_LITERAL_CONVERSION = YES;
				CLANG_WARN_OBJC_ROOT_CLASS = YES_ERROR;
				CLANG_WARN_RANGE_LOOP_ANALYSIS = YES;
				CLANG_WARN_STRICT_PROTOTYPES = YES;
				CLANG_WARN_SUSPICIOUS_MOVE = YES;
				CLANG_WARN_UNGUARDED_AVAILABILITY = YES_AGGRESSIVE;
				CLANG_WARN_UNREACHABLE_CODE = YES;
				CLANG_WARN__DUPLICATE_METHOD_MATCH = YES;
				CODE_SIGN_IDENTITY = "iPhone Developer";
				COPY_PHASE_STRIP = NO;
				DEBUG_INFORMATION_FORMAT = dwarf;
				ENABLE_STRICT_OBJC_MSGSEND = YES;
				ENABLE_TESTABILITY = YES;
				GCC_C_LANGUAGE_STANDARD = gnu11;
				GCC_DYNAMIC_NO_PIC = NO;
				GCC_NO_COMMON_BLOCKS = YES;
				GCC_OPTIMIZATION_LEVEL = 0;
				GCC_PREPROCESSOR_DEFINITIONS = (
					"DEBUG=1",
					"$(inherited)",
				);
				GCC_WARN_64_TO_32_BIT_CONVERSION = YES;
				GCC_WARN_ABOUT_RETURN_TYPE = YES_ERROR;
				GCC_WARN_UNDECLARED_SELECTOR = YES;
				GCC_WARN_UNINITIALIZED_AUTOS = YES_AGGRESSIVE;
				GCC_WARN_UNUSED_FUNCTION = YES;
				GCC_WARN_UNUSED_VARIABLE = YES;
				IPHONEOS_DEPLOYMENT_TARGET = 12.2;
				MTL_ENABLE_DEBUG_INFO = INCLUDE_SOURCE;
				MTL_FAST_MATH = YES;
				ONLY_ACTIVE_ARCH = YES;
				SDKROOT = iphoneos;
			};
			name = Debug;
		};
		0ED8BB0922C2C20D000662BB /* Release */ = {
			isa = XCBuildConfiguration;
			buildSettings = {
				ALWAYS_SEARCH_USER_PATHS = NO;
				CLANG_ANALYZER_NONNULL = YES;
				CLANG_ANALYZER_NUMBER_OBJECT_CONVERSION = YES_AGGRESSIVE;
				CLANG_CXX_LANGUAGE_STANDARD = "gnu++14";
				CLANG_CXX_LIBRARY = "libc++";
				CLANG_ENABLE_MODULES = YES;
				CLANG_ENABLE_OBJC_ARC = YES;
				CLANG_ENABLE_OBJC_WEAK = YES;
				CLANG_WARN_BLOCK_CAPTURE_AUTORELEASING = YES;
				CLANG_WARN_BOOL_CONVERSION = YES;
				CLANG_WARN_COMMA = YES;
				CLANG_WARN_CONSTANT_CONVERSION = YES;
				CLANG_WARN_DEPRECATED_OBJC_IMPLEMENTATIONS = YES;
				CLANG_WARN_DIRECT_OBJC_ISA_USAGE = YES_ERROR;
				CLANG_WARN_DOCUMENTATION_COMMENTS = YES;
				CLANG_WARN_EMPTY_BODY = YES;
				CLANG_WARN_ENUM_CONVERSION = YES;
				CLANG_WARN_INFINITE_RECURSION = YES;
				CLANG_WARN_INT_CONVERSION = YES;
				CLANG_WARN_NON_LITERAL_NULL_CONVERSION = YES;
				CLANG_WARN_OBJC_IMPLICIT_RETAIN_SELF = YES;
				CLANG_WARN_OBJC_LITERAL_CONVERSION = YES;
				CLANG_WARN_OBJC_ROOT_CLASS = YES_ERROR;
				CLANG_WARN_RANGE_LOOP_ANALYSIS = YES;
				CLANG_WARN_STRICT_PROTOTYPES = YES;
				CLANG_WARN_SUSPICIOUS_MOVE = YES;
				CLANG_WARN_UNGUARDED_AVAILABILITY = YES_AGGRESSIVE;
				CLANG_WARN_UNREACHABLE_CODE = YES;
				CLANG_WARN__DUPLICATE_METHOD_MATCH = YES;
				CODE_SIGN_IDENTITY = "iPhone Developer";
				COPY_PHASE_STRIP = NO;
				DEBUG_INFORMATION_FORMAT = "dwarf-with-dsym";
				ENABLE_NS_ASSERTIONS = NO;
				ENABLE_STRICT_OBJC_MSGSEND = YES;
				GCC_C_LANGUAGE_STANDARD = gnu11;
				GCC_NO_COMMON_BLOCKS = YES;
				GCC_WARN_64_TO_32_BIT_CONVERSION = YES;
				GCC_WARN_ABOUT_RETURN_TYPE = YES_ERROR;
				GCC_WARN_UNDECLARED_SELECTOR = YES;
				GCC_WARN_UNINITIALIZED_AUTOS = YES_AGGRESSIVE;
				GCC_WARN_UNUSED_FUNCTION = YES;
				GCC_WARN_UNUSED_VARIABLE = YES;
				IPHONEOS_DEPLOYMENT_TARGET = 12.2;
				MTL_ENABLE_DEBUG_INFO = NO;
				MTL_FAST_MATH = YES;
				SDKROOT = iphoneos;
				VALIDATE_PRODUCT = YES;
			};
			name = Release;
		};
		0ED8BB0B22C2C20D000662BB /* Debug */ = {
			isa = XCBuildConfiguration;
			buildSettings = {
				ASSETCATALOG_COMPILER_APPICON_NAME = AppIcon;
				CODE_SIGN_STYLE = Automatic;
				DEVELOPMENT_TEAM = 5UFVL3XXJ3;
				INFOPLIST_FILE = Tippy/Info.plist;
				LD_RUNPATH_SEARCH_PATHS = (
					"$(inherited)",
					"@executable_path/Frameworks",
				);
				PRODUCT_BUNDLE_IDENTIFIER = "com.aadhya-kocha-gmail.com.tips";
				PRODUCT_NAME = "$(TARGET_NAME)";
				TARGETED_DEVICE_FAMILY = "1,2";
			};
			name = Debug;
		};
		0ED8BB0C22C2C20D000662BB /* Release */ = {
			isa = XCBuildConfiguration;
			buildSettings = {
				ASSETCATALOG_COMPILER_APPICON_NAME = AppIcon;
				CODE_SIGN_STYLE = Automatic;
				DEVELOPMENT_TEAM = 5UFVL3XXJ3;
				INFOPLIST_FILE = Tippy/Info.plist;
				LD_RUNPATH_SEARCH_PATHS = (
					"$(inherited)",
					"@executable_path/Frameworks",
				);
				PRODUCT_BUNDLE_IDENTIFIER = "com.aadhya-kocha-gmail.com.tips";
				PRODUCT_NAME = "$(TARGET_NAME)";
				TARGETED_DEVICE_FAMILY = "1,2";
			};
			name = Release;
		};
		0ED8BB0E22C2C20D000662BB /* Debug */ = {
			isa = XCBuildConfiguration;
			buildSettings = {
				BUNDLE_LOADER = "$(TEST_HOST)";
				CODE_SIGN_STYLE = Automatic;
				INFOPLIST_FILE = TippyTests/Info.plist;
				LD_RUNPATH_SEARCH_PATHS = (
					"$(inherited)",
					"@executable_path/Frameworks",
					"@loader_path/Frameworks",
				);
				PRODUCT_BUNDLE_IDENTIFIER = "com.aadhyakocha-gmail.com.TippyTests";
				PRODUCT_NAME = "$(TARGET_NAME)";
				TARGETED_DEVICE_FAMILY = "1,2";
				TEST_HOST = "$(BUILT_PRODUCTS_DIR)/Tippy.app/Tippy";
			};
			name = Debug;
		};
		0ED8BB0F22C2C20D000662BB /* Release */ = {
			isa = XCBuildConfiguration;
			buildSettings = {
				BUNDLE_LOADER = "$(TEST_HOST)";
				CODE_SIGN_STYLE = Automatic;
				INFOPLIST_FILE = TippyTests/Info.plist;
				LD_RUNPATH_SEARCH_PATHS = (
					"$(inherited)",
					"@executable_path/Frameworks",
					"@loader_path/Frameworks",
				);
				PRODUCT_BUNDLE_IDENTIFIER = "com.aadhyakocha-gmail.com.TippyTests";
				PRODUCT_NAME = "$(TARGET_NAME)";
				TARGETED_DEVICE_FAMILY = "1,2";
				TEST_HOST = "$(BUILT_PRODUCTS_DIR)/Tippy.app/Tippy";
			};
			name = Release;
		};
		0ED8BB1122C2C20D000662BB /* Debug */ = {
			isa = XCBuildConfiguration;
			buildSettings = {
				CODE_SIGN_STYLE = Automatic;
				INFOPLIST_FILE = TippyUITests/Info.plist;
				LD_RUNPATH_SEARCH_PATHS = (
					"$(inherited)",
					"@executable_path/Frameworks",
					"@loader_path/Frameworks",
				);
				PRODUCT_BUNDLE_IDENTIFIER = "com.aadhyakocha-gmail.com.TippyUITests";
				PRODUCT_NAME = "$(TARGET_NAME)";
				TARGETED_DEVICE_FAMILY = "1,2";
				TEST_TARGET_NAME = Tippy;
			};
			name = Debug;
		};
		0ED8BB1222C2C20D000662BB /* Release */ = {
			isa = XCBuildConfiguration;
			buildSettings = {
				CODE_SIGN_STYLE = Automatic;
				INFOPLIST_FILE = TippyUITests/Info.plist;
				LD_RUNPATH_SEARCH_PATHS = (
					"$(inherited)",
					"@executable_path/Frameworks",
					"@loader_path/Frameworks",
				);
				PRODUCT_BUNDLE_IDENTIFIER = "com.aadhyakocha-gmail.com.TippyUITests";
				PRODUCT_NAME = "$(TARGET_NAME)";
				TARGETED_DEVICE_FAMILY = "1,2";
				TEST_TARGET_NAME = Tippy;
			};
			name = Release;
		};
/* End XCBuildConfiguration section */

/* Begin XCConfigurationList section */
		0ED8BAD922C2C20C000662BB /* Build configuration list for PBXProject "Tippy" */ = {
			isa = XCConfigurationList;
			buildConfigurations = (
				0ED8BB0822C2C20D000662BB /* Debug */,
				0ED8BB0922C2C20D000662BB /* Release */,
			);
			defaultConfigurationIsVisible = 0;
			defaultConfigurationName = Release;
		};
		0ED8BB0A22C2C20D000662BB /* Build configuration list for PBXNativeTarget "Tippy" */ = {
			isa = XCConfigurationList;
			buildConfigurations = (
				0ED8BB0B22C2C20D000662BB /* Debug */,
				0ED8BB0C22C2C20D000662BB /* Release */,
			);
			defaultConfigurationIsVisible = 0;
			defaultConfigurationName = Release;
		};
		0ED8BB0D22C2C20D000662BB /* Build configuration list for PBXNativeTarget "TippyTests" */ = {
			isa = XCConfigurationList;
			buildConfigurations = (
				0ED8BB0E22C2C20D000662BB /* Debug */,
				0ED8BB0F22C2C20D000662BB /* Release */,
			);
			defaultConfigurationIsVisible = 0;
			defaultConfigurationName = Release;
		};
		0ED8BB1022C2C20D000662BB /* Build configuration list for PBXNativeTarget "TippyUITests" */ = {
			isa = XCConfigurationList;
			buildConfigurations = (
				0ED8BB1122C2C20D000662BB /* Debug */,
				0ED8BB1222C2C20D000662BB /* Release */,
			);
			defaultConfigurationIsVisible = 0;
			defaultConfigurationName = Release;
		};
/* End XCConfigurationList section */
	};
	rootObject = 0ED8BAD622C2C20C000662BB /* Project object */;
}
